
Microsoft Visual Studio Solution File, Format Version 12.00
# Visual Studio Version 17
VisualStudioVersion = 17.4.33122.133
MinimumVisualStudioVersion = 10.0.40219.1
Project("{8BC9CEB8-8B4A-11D0-8D11-00A0C91BC942}") = "BulletSim", "BulletSim.vcxproj", "{896C2106-25E8-49E7-822A-6E02F04F6C0B}"
EndProject
Global
	GlobalSection(SolutionConfigurationPlatforms) = preSolution
		Debug|x64 = Debug|x64
		Release|x64 = Release|x64
	EndGlobalSection
	GlobalSection(ProjectConfigurationPlatforms) = postSolution
		{896C2106-25E8-49E7-822A-6E02F04F6C0B}.Debug|x64.ActiveCfg = Debug|x64
		{896C2106-25E8-49E7-822A-6E02F04F6C0B}.Debug|x64.Build.0 = Debug|x64
		{896C2106-25E8-49E7-822A-6E02F04F6C0B}.Release|x64.ActiveCfg = Release|x64
		{896C2106-25E8-49E7-822A-6E02F04F6C0B}.Release|x64.Build.0 = Release|x64
	EndGlobalSection
	GlobalSection(SolutionProperties) = preSolution
		HideSolutionNode = FALSE
	EndGlobalSection
	GlobalSection(ExtensibilityGlobals) = postSolution
		SolutionGuid = {DDE25DAE-34CA-4768-A175-A587C8FFF265}
	EndGlobalSection
EndGlobal
